
Microsoft Visual Studio Solution File, Format Version 12.00
# Visual Studio Version 17
VisualStudioVersion = 17.0.32014.148
MinimumVisualStudioVersion = 10.0.40219.1
Project("{FAE04EC0-301F-11D3-BF4B-00C04F79EFBC}") = "Teste", "Teste\Teste.csproj", "{4D54BEDF-B1A7-4CE3-92E6-B966D9530CB5}"
EndProject
Global
	GlobalSection(SolutionConfigurationPlatforms) = preSolution
		Debug|Any CPU = Debug|Any CPU
		Release|Any CPU = Release|Any CPU
	EndGlobalSection
	GlobalSection(ProjectConfigurationPlatforms) = postSolution
		{4D54BEDF-B1A7-4CE3-92E6-B966D9530CB5}.Debug|Any CPU.ActiveCfg = Debug|Any CPU
		{4D54BEDF-B1A7-4CE3-92E6-B966D9530CB5}.Debug|Any CPU.Build.0 = Debug|Any CPU
		{4D54BEDF-B1A7-4CE3-92E6-B966D9530CB5}.Release|Any CPU.ActiveCfg = Release|Any CPU
		{4D54BEDF-B1A7-4CE3-92E6-B966D9530CB5}.Release|Any CPU.Build.0 = Release|Any CPU
	EndGlobalSection
	GlobalSection(SolutionProperties) = preSolution
		HideSolutionNode = FALSE
	EndGlobalSection
	GlobalSection(ExtensibilityGlobals) = postSolution
		SolutionGuid = {0763C75E-7AF2-45EC-8E2D-5B8D0C925F67}
	EndGlobalSection
EndGlobal
